// !$*UTF8*$!
{
	archiveVersion = 1;
	classes = {
	};
	objectVersion = 50;
	objects = {

/* Begin PBXBuildFile section */
		2F0A73268157EC9FAF26BB8D /* Pods_grpc_ObjectiveC_grpc_ObjectiveCUITests.framework in Frameworks */ = {isa = PBXBuildFile; fileRef = FEDBB92ADDFE2C031545B67A /* Pods_grpc_ObjectiveC_grpc_ObjectiveCUITests.framework */; };
		4B9B967925382313008D9A05 /* AppDelegate.swift in Sources */ = {isa = PBXBuildFile; fileRef = 4B9B967825382313008D9A05 /* AppDelegate.swift */; };
		4B9B967B25382313008D9A05 /* SceneDelegate.swift in Sources */ = {isa = PBXBuildFile; fileRef = 4B9B967A25382313008D9A05 /* SceneDelegate.swift */; };
		4B9B967D25382313008D9A05 /* ContentView.swift in Sources */ = {isa = PBXBuildFile; fileRef = 4B9B967C25382313008D9A05 /* ContentView.swift */; };
		4B9B968025382313008D9A05 /* grpc_ObjectiveC.xcdatamodeld in Sources */ = {isa = PBXBuildFile; fileRef = 4B9B967E25382313008D9A05 /* grpc_ObjectiveC.xcdatamodeld */; };
		4B9B968225382314008D9A05 /* Assets.xcassets in Resources */ = {isa = PBXBuildFile; fileRef = 4B9B968125382314008D9A05 /* Assets.xcassets */; };
		4B9B968525382314008D9A05 /* Preview Assets.xcassets in Resources */ = {isa = PBXBuildFile; fileRef = 4B9B968425382314008D9A05 /* Preview Assets.xcassets */; };
		4B9B968825382314008D9A05 /* LaunchScreen.storyboard in Resources */ = {isa = PBXBuildFile; fileRef = 4B9B968625382314008D9A05 /* LaunchScreen.storyboard */; };
		4B9B969325382314008D9A05 /* grpc_ObjectiveCTests.swift in Sources */ = {isa = PBXBuildFile; fileRef = 4B9B969225382314008D9A05 /* grpc_ObjectiveCTests.swift */; };
		4B9B969E25382314008D9A05 /* grpc_ObjectiveCUITests.swift in Sources */ = {isa = PBXBuildFile; fileRef = 4B9B969D25382314008D9A05 /* grpc_ObjectiveCUITests.swift */; };
		A66984E1F0B4872E124B27EF /* Pods_grpc_ObjectiveCTests.framework in Frameworks */ = {isa = PBXBuildFile; fileRef = 44C0417DE64F89B117419364 /* Pods_grpc_ObjectiveCTests.framework */; };
		CA680A20D8C49BE67D9B0788 /* Pods_grpc_ObjectiveC.framework in Frameworks */ = {isa = PBXBuildFile; fileRef = DF3EC6F2A8E92688C9E3DAB3 /* Pods_grpc_ObjectiveC.framework */; };
/* End PBXBuildFile section */

/* Begin PBXContainerItemProxy section */
		4B9B968F25382314008D9A05 /* PBXContainerItemProxy */ = {
			isa = PBXContainerItemProxy;
			containerPortal = 4B9B966D25382313008D9A05 /* Project object */;
			proxyType = 1;
			remoteGlobalIDString = 4B9B967425382313008D9A05;
			remoteInfo = grpc_ObjectiveC;
		};
		4B9B969A25382314008D9A05 /* PBXContainerItemProxy */ = {
			isa = PBXContainerItemProxy;
			containerPortal = 4B9B966D25382313008D9A05 /* Project object */;
			proxyType = 1;
			remoteGlobalIDString = 4B9B967425382313008D9A05;
			remoteInfo = grpc_ObjectiveC;
		};
/* End PBXContainerItemProxy section */

/* Begin PBXFileReference section */
		44C0417DE64F89B117419364 /* Pods_grpc_ObjectiveCTests.framework */ = {isa = PBXFileReference; explicitFileType = wrapper.framework; includeInIndex = 0; path = Pods_grpc_ObjectiveCTests.framework; sourceTree = BUILT_PRODUCTS_DIR; };
		48BC76B724755D21439CB8A3 /* Pods-grpc_ObjectiveC.debug.xcconfig */ = {isa = PBXFileReference; includeInIndex = 1; lastKnownFileType = text.xcconfig; name = "Pods-grpc_ObjectiveC.debug.xcconfig"; path = "Target Support Files/Pods-grpc_ObjectiveC/Pods-grpc_ObjectiveC.debug.xcconfig"; sourceTree = "<group>"; };
		4B9B967525382313008D9A05 /* grpc_ObjectiveC.app */ = {isa = PBXFileReference; explicitFileType = wrapper.application; includeInIndex = 0; path = grpc_ObjectiveC.app; sourceTree = BUILT_PRODUCTS_DIR; };
		4B9B967825382313008D9A05 /* AppDelegate.swift */ = {isa = PBXFileReference; lastKnownFileType = sourcecode.swift; path = AppDelegate.swift; sourceTree = "<group>"; };
		4B9B967A25382313008D9A05 /* SceneDelegate.swift */ = {isa = PBXFileReference; lastKnownFileType = sourcecode.swift; path = SceneDelegate.swift; sourceTree = "<group>"; };
		4B9B967C25382313008D9A05 /* ContentView.swift */ = {isa = PBXFileReference; lastKnownFileType = sourcecode.swift; path = ContentView.swift; sourceTree = "<group>"; };
		4B9B967F25382313008D9A05 /* grpc_ObjectiveC.xcdatamodel */ = {isa = PBXFileReference; lastKnownFileType = wrapper.xcdatamodel; path = grpc_ObjectiveC.xcdatamodel; sourceTree = "<group>"; };
		4B9B968125382314008D9A05 /* Assets.xcassets */ = {isa = PBXFileReference; lastKnownFileType = folder.assetcatalog; path = Assets.xcassets; sourceTree = "<group>"; };
		4B9B968425382314008D9A05 /* Preview Assets.xcassets */ = {isa = PBXFileReference; lastKnownFileType = folder.assetcatalog; path = "Preview Assets.xcassets"; sourceTree = "<group>"; };
		4B9B968725382314008D9A05 /* Base */ = {isa = PBXFileReference; lastKnownFileType = file.storyboard; name = Base; path = Base.lproj/LaunchScreen.storyboard; sourceTree = "<group>"; };
		4B9B968925382314008D9A05 /* Info.plist */ = {isa = PBXFileReference; lastKnownFileType = text.plist.xml; path = Info.plist; sourceTree = "<group>"; };
		4B9B968E25382314008D9A05 /* grpc_ObjectiveCTests.xctest */ = {isa = PBXFileReference; explicitFileType = wrapper.cfbundle; includeInIndex = 0; path = grpc_ObjectiveCTests.xctest; sourceTree = BUILT_PRODUCTS_DIR; };
		4B9B969225382314008D9A05 /* grpc_ObjectiveCTests.swift */ = {isa = PBXFileReference; lastKnownFileType = sourcecode.swift; path = grpc_ObjectiveCTests.swift; sourceTree = "<group>"; };
		4B9B969425382314008D9A05 /* Info.plist */ = {isa = PBXFileReference; lastKnownFileType = text.plist.xml; path = Info.plist; sourceTree = "<group>"; };
		4B9B969925382314008D9A05 /* grpc_ObjectiveCUITests.xctest */ = {isa = PBXFileReference; explicitFileType = wrapper.cfbundle; includeInIndex = 0; path = grpc_ObjectiveCUITests.xctest; sourceTree = BUILT_PRODUCTS_DIR; };
		4B9B969D25382314008D9A05 /* grpc_ObjectiveCUITests.swift */ = {isa = PBXFileReference; lastKnownFileType = sourcecode.swift; path = grpc_ObjectiveCUITests.swift; sourceTree = "<group>"; };
		4B9B969F25382314008D9A05 /* Info.plist */ = {isa = PBXFileReference; lastKnownFileType = text.plist.xml; path = Info.plist; sourceTree = "<group>"; };
		AB3AD778878EAAD74AC0C0D3 /* Pods-grpc_ObjectiveCTests.debug.xcconfig */ = {isa = PBXFileReference; includeInIndex = 1; lastKnownFileType = text.xcconfig; name = "Pods-grpc_ObjectiveCTests.debug.xcconfig"; path = "Target Support Files/Pods-grpc_ObjectiveCTests/Pods-grpc_ObjectiveCTests.debug.xcconfig"; sourceTree = "<group>"; };
		B72218BCCDD51F78DBCD55BD /* Pods-grpc_ObjectiveC-grpc_ObjectiveCUITests.release.xcconfig */ = {isa = PBXFileReference; includeInIndex = 1; lastKnownFileType = text.xcconfig; name = "Pods-grpc_ObjectiveC-grpc_ObjectiveCUITests.release.xcconfig"; path = "Target Support Files/Pods-grpc_ObjectiveC-grpc_ObjectiveCUITests/Pods-grpc_ObjectiveC-grpc_ObjectiveCUITests.release.xcconfig"; sourceTree = "<group>"; };
		BC6A1DFDEF1650B5DB3ED7A0 /* Pods-grpc_ObjectiveC.release.xcconfig */ = {isa = PBXFileReference; includeInIndex = 1; lastKnownFileType = text.xcconfig; name = "Pods-grpc_ObjectiveC.release.xcconfig"; path = "Target Support Files/Pods-grpc_ObjectiveC/Pods-grpc_ObjectiveC.release.xcconfig"; sourceTree = "<group>"; };
		CA322D6FF10C48B804E63BA8 /* Pods-grpc_ObjectiveCTests.release.xcconfig */ = {isa = PBXFileReference; includeInIndex = 1; lastKnownFileType = text.xcconfig; name = "Pods-grpc_ObjectiveCTests.release.xcconfig"; path = "Target Support Files/Pods-grpc_ObjectiveCTests/Pods-grpc_ObjectiveCTests.release.xcconfig"; sourceTree = "<group>"; };
		DF3EC6F2A8E92688C9E3DAB3 /* Pods_grpc_ObjectiveC.framework */ = {isa = PBXFileReference; explicitFileType = wrapper.framework; includeInIndex = 0; path = Pods_grpc_ObjectiveC.framework; sourceTree = BUILT_PRODUCTS_DIR; };
		ED5B74734027E214D34C1886 /* Pods-grpc_ObjectiveC-grpc_ObjectiveCUITests.debug.xcconfig */ = {isa = PBXFileReference; includeInIndex = 1; lastKnownFileType = text.xcconfig; name = "Pods-grpc_ObjectiveC-grpc_ObjectiveCUITests.debug.xcconfig"; path = "Target Support Files/Pods-grpc_ObjectiveC-grpc_ObjectiveCUITests/Pods-grpc_ObjectiveC-grpc_ObjectiveCUITests.debug.xcconfig"; sourceTree = "<group>"; };
		FEDBB92ADDFE2C031545B67A /* Pods_grpc_ObjectiveC_grpc_ObjectiveCUITests.framework */ = {isa = PBXFileReference; explicitFileType = wrapper.framework; includeInIndex = 0; path = Pods_grpc_ObjectiveC_grpc_ObjectiveCUITests.framework; sourceTree = BUILT_PRODUCTS_DIR; };
/* End PBXFileReference section */

/* Begin PBXFrameworksBuildPhase section */
		4B9B967225382313008D9A05 /* Frameworks */ = {
			isa = PBXFrameworksBuildPhase;
			buildActionMask = 2147483647;
			files = (
				CA680A20D8C49BE67D9B0788 /* Pods_grpc_ObjectiveC.framework in Frameworks */,
			);
			runOnlyForDeploymentPostprocessing = 0;
		};
		4B9B968B25382314008D9A05 /* Frameworks */ = {
			isa = PBXFrameworksBuildPhase;
			buildActionMask = 2147483647;
			files = (
				A66984E1F0B4872E124B27EF /* Pods_grpc_ObjectiveCTests.framework in Frameworks */,
			);
			runOnlyForDeploymentPostprocessing = 0;
		};
		4B9B969625382314008D9A05 /* Frameworks */ = {
			isa = PBXFrameworksBuildPhase;
			buildActionMask = 2147483647;
			files = (
				2F0A73268157EC9FAF26BB8D /* Pods_grpc_ObjectiveC_grpc_ObjectiveCUITests.framework in Frameworks */,
			);
			runOnlyForDeploymentPostprocessing = 0;
		};
/* End PBXFrameworksBuildPhase section */

/* Begin PBXGroup section */
		0FB81F49F0EE48C926FC813F /* Frameworks */ = {
			isa = PBXGroup;
			children = (
				DF3EC6F2A8E92688C9E3DAB3 /* Pods_grpc_ObjectiveC.framework */,
				FEDBB92ADDFE2C031545B67A /* Pods_grpc_ObjectiveC_grpc_ObjectiveCUITests.framework */,
				44C0417DE64F89B117419364 /* Pods_grpc_ObjectiveCTests.framework */,
			);
			name = Frameworks;
			sourceTree = "<group>";
		};
		4B9B966C25382313008D9A05 = {
			isa = PBXGroup;
			children = (
				4B9B967725382313008D9A05 /* grpc_ObjectiveC */,
				4B9B969125382314008D9A05 /* grpc_ObjectiveCTests */,
				4B9B969C25382314008D9A05 /* grpc_ObjectiveCUITests */,
				4B9B967625382313008D9A05 /* Products */,
				BD453C25D22E1524034B518E /* Pods */,
				0FB81F49F0EE48C926FC813F /* Frameworks */,
			);
			sourceTree = "<group>";
		};
		4B9B967625382313008D9A05 /* Products */ = {
			isa = PBXGroup;
			children = (
				4B9B967525382313008D9A05 /* grpc_ObjectiveC.app */,
				4B9B968E25382314008D9A05 /* grpc_ObjectiveCTests.xctest */,
				4B9B969925382314008D9A05 /* grpc_ObjectiveCUITests.xctest */,
			);
			name = Products;
			sourceTree = "<group>";
		};
		4B9B967725382313008D9A05 /* grpc_ObjectiveC */ = {
			isa = PBXGroup;
			children = (
				4B9B967825382313008D9A05 /* AppDelegate.swift */,
				4B9B967A25382313008D9A05 /* SceneDelegate.swift */,
				4B9B967C25382313008D9A05 /* ContentView.swift */,
				4B9B968125382314008D9A05 /* Assets.xcassets */,
				4B9B968625382314008D9A05 /* LaunchScreen.storyboard */,
				4B9B968925382314008D9A05 /* Info.plist */,
				4B9B967E25382313008D9A05 /* grpc_ObjectiveC.xcdatamodeld */,
				4B9B968325382314008D9A05 /* Preview Content */,
			);
			path = grpc_ObjectiveC;
			sourceTree = "<group>";
		};
		4B9B968325382314008D9A05 /* Preview Content */ = {
			isa = PBXGroup;
			children = (
				4B9B968425382314008D9A05 /* Preview Assets.xcassets */,
			);
			path = "Preview Content";
			sourceTree = "<group>";
		};
		4B9B969125382314008D9A05 /* grpc_ObjectiveCTests */ = {
			isa = PBXGroup;
			children = (
				4B9B969225382314008D9A05 /* grpc_ObjectiveCTests.swift */,
				4B9B969425382314008D9A05 /* Info.plist */,
			);
			path = grpc_ObjectiveCTests;
			sourceTree = "<group>";
		};
		4B9B969C25382314008D9A05 /* grpc_ObjectiveCUITests */ = {
			isa = PBXGroup;
			children = (
				4B9B969D25382314008D9A05 /* grpc_ObjectiveCUITests.swift */,
				4B9B969F25382314008D9A05 /* Info.plist */,
			);
			path = grpc_ObjectiveCUITests;
			sourceTree = "<group>";
		};
		BD453C25D22E1524034B518E /* Pods */ = {
			isa = PBXGroup;
			children = (
				48BC76B724755D21439CB8A3 /* Pods-grpc_ObjectiveC.debug.xcconfig */,
				BC6A1DFDEF1650B5DB3ED7A0 /* Pods-grpc_ObjectiveC.release.xcconfig */,
				ED5B74734027E214D34C1886 /* Pods-grpc_ObjectiveC-grpc_ObjectiveCUITests.debug.xcconfig */,
				B72218BCCDD51F78DBCD55BD /* Pods-grpc_ObjectiveC-grpc_ObjectiveCUITests.release.xcconfig */,
				AB3AD778878EAAD74AC0C0D3 /* Pods-grpc_ObjectiveCTests.debug.xcconfig */,
				CA322D6FF10C48B804E63BA8 /* Pods-grpc_ObjectiveCTests.release.xcconfig */,
			);
			name = Pods;
			path = Pods;
			sourceTree = "<group>";
		};
/* End PBXGroup section */

/* Begin PBXNativeTarget section */
		4B9B967425382313008D9A05 /* grpc_ObjectiveC */ = {
			isa = PBXNativeTarget;
			buildConfigurationList = 4B9B96A225382314008D9A05 /* Build configuration list for PBXNativeTarget "grpc_ObjectiveC" */;
			buildPhases = (
				5B59275ADC83F0D22A8DFA74 /* [CP] Check Pods Manifest.lock */,
				4B9B967125382313008D9A05 /* Sources */,
				4B9B967225382313008D9A05 /* Frameworks */,
				4B9B967325382313008D9A05 /* Resources */,
				D43B4BEA81C30B9DE9D83840 /* [CP] Embed Pods Frameworks */,
			);
			buildRules = (
			);
			dependencies = (
			);
			name = grpc_ObjectiveC;
			productName = grpc_ObjectiveC;
			productReference = 4B9B967525382313008D9A05 /* grpc_ObjectiveC.app */;
			productType = "com.apple.product-type.application";
		};
		4B9B968D25382314008D9A05 /* grpc_ObjectiveCTests */ = {
			isa = PBXNativeTarget;
			buildConfigurationList = 4B9B96A525382314008D9A05 /* Build configuration list for PBXNativeTarget "grpc_ObjectiveCTests" */;
			buildPhases = (
				88294CFA1790E2A394A3D00E /* [CP] Check Pods Manifest.lock */,
				4B9B968A25382314008D9A05 /* Sources */,
				4B9B968B25382314008D9A05 /* Frameworks */,
				4B9B968C25382314008D9A05 /* Resources */,
			);
			buildRules = (
			);
			dependencies = (
				4B9B969025382314008D9A05 /* PBXTargetDependency */,
			);
			name = grpc_ObjectiveCTests;
			productName = grpc_ObjectiveCTests;
			productReference = 4B9B968E25382314008D9A05 /* grpc_ObjectiveCTests.xctest */;
			productType = "com.apple.product-type.bundle.unit-test";
		};
		4B9B969825382314008D9A05 /* grpc_ObjectiveCUITests */ = {
			isa = PBXNativeTarget;
			buildConfigurationList = 4B9B96A825382314008D9A05 /* Build configuration list for PBXNativeTarget "grpc_ObjectiveCUITests" */;
			buildPhases = (
				952B364F2C308EBF0B1EDA3F /* [CP] Check Pods Manifest.lock */,
				4B9B969525382314008D9A05 /* Sources */,
				4B9B969625382314008D9A05 /* Frameworks */,
				4B9B969725382314008D9A05 /* Resources */,
				22BFB5E00D571049DFE9135C /* [CP] Embed Pods Frameworks */,
			);
			buildRules = (
			);
			dependencies = (
				4B9B969B25382314008D9A05 /* PBXTargetDependency */,
			);
			name = grpc_ObjectiveCUITests;
			productName = grpc_ObjectiveCUITests;
			productReference = 4B9B969925382314008D9A05 /* grpc_ObjectiveCUITests.xctest */;
			productType = "com.apple.product-type.bundle.ui-testing";
		};
/* End PBXNativeTarget section */

/* Begin PBXProject section */
		4B9B966D25382313008D9A05 /* Project object */ = {
			isa = PBXProject;
			attributes = {
				LastSwiftUpdateCheck = 1200;
				LastUpgradeCheck = 1200;
				TargetAttributes = {
					4B9B967425382313008D9A05 = {
						CreatedOnToolsVersion = 12.0.1;
					};
					4B9B968D25382314008D9A05 = {
						CreatedOnToolsVersion = 12.0.1;
						TestTargetID = 4B9B967425382313008D9A05;
					};
					4B9B969825382314008D9A05 = {
						CreatedOnToolsVersion = 12.0.1;
						TestTargetID = 4B9B967425382313008D9A05;
					};
				};
			};
			buildConfigurationList = 4B9B967025382313008D9A05 /* Build configuration list for PBXProject "grpc_ObjectiveC" */;
			compatibilityVersion = "Xcode 9.3";
			developmentRegion = en;
			hasScannedForEncodings = 0;
			knownRegions = (
				en,
				Base,
			);
			mainGroup = 4B9B966C25382313008D9A05;
			productRefGroup = 4B9B967625382313008D9A05 /* Products */;
			projectDirPath = "";
			projectRoot = "";
			targets = (
				4B9B967425382313008D9A05 /* grpc_ObjectiveC */,
				4B9B968D25382314008D9A05 /* grpc_ObjectiveCTests */,
				4B9B969825382314008D9A05 /* grpc_ObjectiveCUITests */,
			);
		};
/* End PBXProject section */

/* Begin PBXResourcesBuildPhase section */
		4B9B967325382313008D9A05 /* Resources */ = {
			isa = PBXResourcesBuildPhase;
			buildActionMask = 2147483647;
			files = (
				4B9B968825382314008D9A05 /* LaunchScreen.storyboard in Resources */,
				4B9B968525382314008D9A05 /* Preview Assets.xcassets in Resources */,
				4B9B968225382314008D9A05 /* Assets.xcassets in Resources */,
			);
			runOnlyForDeploymentPostprocessing = 0;
		};
		4B9B968C25382314008D9A05 /* Resources */ = {
			isa = PBXResourcesBuildPhase;
			buildActionMask = 2147483647;
			files = (
			);
			runOnlyForDeploymentPostprocessing = 0;
		};
		4B9B969725382314008D9A05 /* Resources */ = {
			isa = PBXResourcesBuildPhase;
			buildActionMask = 2147483647;
			files = (
			);
			runOnlyForDeploymentPostprocessing = 0;
		};
/* End PBXResourcesBuildPhase section */

/* Begin PBXShellScriptBuildPhase section */
		22BFB5E00D571049DFE9135C /* [CP] Embed Pods Frameworks */ = {
			isa = PBXShellScriptBuildPhase;
			buildActionMask = 2147483647;
			files = (
			);
			inputFileListPaths = (
				"${PODS_ROOT}/Target Support Files/Pods-grpc_ObjectiveC-grpc_ObjectiveCUITests/Pods-grpc_ObjectiveC-grpc_ObjectiveCUITests-frameworks-${CONFIGURATION}-input-files.xcfilelist",
			);
			name = "[CP] Embed Pods Frameworks";
			outputFileListPaths = (
				"${PODS_ROOT}/Target Support Files/Pods-grpc_ObjectiveC-grpc_ObjectiveCUITests/Pods-grpc_ObjectiveC-grpc_ObjectiveCUITests-frameworks-${CONFIGURATION}-output-files.xcfilelist",
			);
			runOnlyForDeploymentPostprocessing = 0;
			shellPath = /bin/sh;
			shellScript = "\"${PODS_ROOT}/Target Support Files/Pods-grpc_ObjectiveC-grpc_ObjectiveCUITests/Pods-grpc_ObjectiveC-grpc_ObjectiveCUITests-frameworks.sh\"\n";
			showEnvVarsInLog = 0;
		};
		5B59275ADC83F0D22A8DFA74 /* [CP] Check Pods Manifest.lock */ = {
			isa = PBXShellScriptBuildPhase;
			buildActionMask = 2147483647;
			files = (
			);
			inputFileListPaths = (
			);
			inputPaths = (
				"${PODS_PODFILE_DIR_PATH}/Podfile.lock",
				"${PODS_ROOT}/Manifest.lock",
			);
			name = "[CP] Check Pods Manifest.lock";
			outputFileListPaths = (
			);
			outputPaths = (
				"$(DERIVED_FILE_DIR)/Pods-grpc_ObjectiveC-checkManifestLockResult.txt",
			);
			runOnlyForDeploymentPostprocessing = 0;
			shellPath = /bin/sh;
			shellScript = "diff \"${PODS_PODFILE_DIR_PATH}/Podfile.lock\" \"${PODS_ROOT}/Manifest.lock\" > /dev/null\nif [ $? != 0 ] ; then\n    # print error to STDERR\n    echo \"error: The sandbox is not in sync with the Podfile.lock. Run 'pod install' or update your CocoaPods installation.\" >&2\n    exit 1\nfi\n# This output is used by Xcode 'outputs' to avoid re-running this script phase.\necho \"SUCCESS\" > \"${SCRIPT_OUTPUT_FILE_0}\"\n";
			showEnvVarsInLog = 0;
		};
		88294CFA1790E2A394A3D00E /* [CP] Check Pods Manifest.lock */ = {
			isa = PBXShellScriptBuildPhase;
			buildActionMask = 2147483647;
			files = (
			);
			inputFileListPaths = (
			);
			inputPaths = (
				"${PODS_PODFILE_DIR_PATH}/Podfile.lock",
				"${PODS_ROOT}/Manifest.lock",
			);
			name = "[CP] Check Pods Manifest.lock";
			outputFileListPaths = (
			);
			outputPaths = (
				"$(DERIVED_FILE_DIR)/Pods-grpc_ObjectiveCTests-checkManifestLockResult.txt",
			);
			runOnlyForDeploymentPostprocessing = 0;
			shellPath = /bin/sh;
			shellScript = "diff \"${PODS_PODFILE_DIR_PATH}/Podfile.lock\" \"${PODS_ROOT}/Manifest.lock\" > /dev/null\nif [ $? != 0 ] ; then\n    # print error to STDERR\n    echo \"error: The sandbox is not in sync with the Podfile.lock. Run 'pod install' or update your CocoaPods installation.\" >&2\n    exit 1\nfi\n# This output is used by Xcode 'outputs' to avoid re-running this script phase.\necho \"SUCCESS\" > \"${SCRIPT_OUTPUT_FILE_0}\"\n";
			showEnvVarsInLog = 0;
		};
		952B364F2C308EBF0B1EDA3F /* [CP] Check Pods Manifest.lock */ = {
			isa = PBXShellScriptBuildPhase;
			buildActionMask = 2147483647;
			files = (
			);
			inputFileListPaths = (
			);
			inputPaths = (
				"${PODS_PODFILE_DIR_PATH}/Podfile.lock",
				"${PODS_ROOT}/Manifest.lock",
			);
			name = "[CP] Check Pods Manifest.lock";
			outputFileListPaths = (
			);
			outputPaths = (
				"$(DERIVED_FILE_DIR)/Pods-grpc_ObjectiveC-grpc_ObjectiveCUITests-checkManifestLockResult.txt",
			);
			runOnlyForDeploymentPostprocessing = 0;
			shellPath = /bin/sh;
			shellScript = "diff \"${PODS_PODFILE_DIR_PATH}/Podfile.lock\" \"${PODS_ROOT}/Manifest.lock\" > /dev/null\nif [ $? != 0 ] ; then\n    # print error to STDERR\n    echo \"error: The sandbox is not in sync with the Podfile.lock. Run 'pod install' or update your CocoaPods installation.\" >&2\n    exit 1\nfi\n# This output is used by Xcode 'outputs' to avoid re-running this script phase.\necho \"SUCCESS\" > \"${SCRIPT_OUTPUT_FILE_0}\"\n";
			showEnvVarsInLog = 0;
		};
		D43B4BEA81C30B9DE9D83840 /* [CP] Embed Pods Frameworks */ = {
			isa = PBXShellScriptBuildPhase;
			buildActionMask = 2147483647;
			files = (
			);
			inputFileListPaths = (
				"${PODS_ROOT}/Target Support Files/Pods-grpc_ObjectiveC/Pods-grpc_ObjectiveC-frameworks-${CONFIGURATION}-input-files.xcfilelist",
			);
			name = "[CP] Embed Pods Frameworks";
			outputFileListPaths = (
				"${PODS_ROOT}/Target Support Files/Pods-grpc_ObjectiveC/Pods-grpc_ObjectiveC-frameworks-${CONFIGURATION}-output-files.xcfilelist",
			);
			runOnlyForDeploymentPostprocessing = 0;
			shellPath = /bin/sh;
			shellScript = "\"${PODS_ROOT}/Target Support Files/Pods-grpc_ObjectiveC/Pods-grpc_ObjectiveC-frameworks.sh\"\n";
			showEnvVarsInLog = 0;
		};
/* End PBXShellScriptBuildPhase section */

/* Begin PBXSourcesBuildPhase section */
		4B9B967125382313008D9A05 /* Sources */ = {
			isa = PBXSourcesBuildPhase;
			buildActionMask = 2147483647;
			files = (
				4B9B967925382313008D9A05 /* AppDelegate.swift in Sources */,
				4B9B968025382313008D9A05 /* grpc_ObjectiveC.xcdatamodeld in Sources */,
				4B9B967B25382313008D9A05 /* SceneDelegate.swift in Sources */,
				4B9B967D25382313008D9A05 /* ContentView.swift in Sources */,
			);
			runOnlyForDeploymentPostprocessing = 0;
		};
		4B9B968A25382314008D9A05 /* Sources */ = {
			isa = PBXSourcesBuildPhase;
			buildActionMask = 2147483647;
			files = (
				4B9B969325382314008D9A05 /* grpc_ObjectiveCTests.swift in Sources */,
			);
			runOnlyForDeploymentPostprocessing = 0;
		};
		4B9B969525382314008D9A05 /* Sources */ = {
			isa = PBXSourcesBuildPhase;
			buildActionMask = 2147483647;
			files = (
				4B9B969E25382314008D9A05 /* grpc_ObjectiveCUITests.swift in Sources */,
			);
			runOnlyForDeploymentPostprocessing = 0;
		};
/* End PBXSourcesBuildPhase section */

/* Begin PBXTargetDependency section */
		4B9B969025382314008D9A05 /* PBXTargetDependency */ = {
			isa = PBXTargetDependency;
			target = 4B9B967425382313008D9A05 /* grpc_ObjectiveC */;
			targetProxy = 4B9B968F25382314008D9A05 /* PBXContainerItemProxy */;
		};
		4B9B969B25382314008D9A05 /* PBXTargetDependency */ = {
			isa = PBXTargetDependency;
			target = 4B9B967425382313008D9A05 /* grpc_ObjectiveC */;
			targetProxy = 4B9B969A25382314008D9A05 /* PBXContainerItemProxy */;
		};
/* End PBXTargetDependency section */

/* Begin PBXVariantGroup section */
		4B9B968625382314008D9A05 /* LaunchScreen.storyboard */ = {
			isa = PBXVariantGroup;
			children = (
				4B9B968725382314008D9A05 /* Base */,
			);
			name = LaunchScreen.storyboard;
			sourceTree = "<group>";
		};
/* End PBXVariantGroup section */

/* Begin XCBuildConfiguration section */
		4B9B96A025382314008D9A05 /* Debug */ = {
			isa = XCBuildConfiguration;
			buildSettings = {
				ALWAYS_SEARCH_USER_PATHS = NO;
				CLANG_ANALYZER_NONNULL = YES;
				CLANG_ANALYZER_NUMBER_OBJECT_CONVERSION = YES_AGGRESSIVE;
				CLANG_CXX_LANGUAGE_STANDARD = "gnu++14";
				CLANG_CXX_LIBRARY = "libc++";
				CLANG_ENABLE_MODULES = YES;
				CLANG_ENABLE_OBJC_ARC = YES;
				CLANG_ENABLE_OBJC_WEAK = YES;
				CLANG_WARN_BLOCK_CAPTURE_AUTORELEASING = YES;
				CLANG_WARN_BOOL_CONVERSION = YES;
				CLANG_WARN_COMMA = YES;
				CLANG_WARN_CONSTANT_CONVERSION = YES;
				CLANG_WARN_DEPRECATED_OBJC_IMPLEMENTATIONS = YES;
				CLANG_WARN_DIRECT_OBJC_ISA_USAGE = YES_ERROR;
				CLANG_WARN_DOCUMENTATION_COMMENTS = YES;
				CLANG_WARN_EMPTY_BODY = YES;
				CLANG_WARN_ENUM_CONVERSION = YES;
				CLANG_WARN_INFINITE_RECURSION = YES;
				CLANG_WARN_INT_CONVERSION = YES;
				CLANG_WARN_NON_LITERAL_NULL_CONVERSION = YES;
				CLANG_WARN_OBJC_IMPLICIT_RETAIN_SELF = YES;
				CLANG_WARN_OBJC_LITERAL_CONVERSION = YES;
				CLANG_WARN_OBJC_ROOT_CLASS = YES_ERROR;
				CLANG_WARN_QUOTED_INCLUDE_IN_FRAMEWORK_HEADER = YES;
				CLANG_WARN_RANGE_LOOP_ANALYSIS = YES;
				CLANG_WARN_STRICT_PROTOTYPES = YES;
				CLANG_WARN_SUSPICIOUS_MOVE = YES;
				CLANG_WARN_UNGUARDED_AVAILABILITY = YES_AGGRESSIVE;
				CLANG_WARN_UNREACHABLE_CODE = YES;
				CLANG_WARN__DUPLICATE_METHOD_MATCH = YES;
				COPY_PHASE_STRIP = NO;
				DEBUG_INFORMATION_FORMAT = dwarf;
				ENABLE_STRICT_OBJC_MSGSEND = YES;
				ENABLE_TESTABILITY = YES;
				GCC_C_LANGUAGE_STANDARD = gnu11;
				GCC_DYNAMIC_NO_PIC = NO;
				GCC_NO_COMMON_BLOCKS = YES;
				GCC_OPTIMIZATION_LEVEL = 0;
				GCC_PREPROCESSOR_DEFINITIONS = (
					"DEBUG=1",
					"$(inherited)",
				);
				GCC_WARN_64_TO_32_BIT_CONVERSION = YES;
				GCC_WARN_ABOUT_RETURN_TYPE = YES_ERROR;
				GCC_WARN_UNDECLARED_SELECTOR = YES;
				GCC_WARN_UNINITIALIZED_AUTOS = YES_AGGRESSIVE;
				GCC_WARN_UNUSED_FUNCTION = YES;
				GCC_WARN_UNUSED_VARIABLE = YES;
				IPHONEOS_DEPLOYMENT_TARGET = 14.0;
				MTL_ENABLE_DEBUG_INFO = INCLUDE_SOURCE;
				MTL_FAST_MATH = YES;
				ONLY_ACTIVE_ARCH = YES;
				SDKROOT = iphoneos;
				SWIFT_ACTIVE_COMPILATION_CONDITIONS = DEBUG;
				SWIFT_OPTIMIZATION_LEVEL = "-Onone";
			};
			name = Debug;
		};
		4B9B96A125382314008D9A05 /* Release */ = {
			isa = XCBuildConfiguration;
			buildSettings = {
				ALWAYS_SEARCH_USER_PATHS = NO;
				CLANG_ANALYZER_NONNULL = YES;
				CLANG_ANALYZER_NUMBER_OBJECT_CONVERSION = YES_AGGRESSIVE;
				CLANG_CXX_LANGUAGE_STANDARD = "gnu++14";
				CLANG_CXX_LIBRARY = "libc++";
				CLANG_ENABLE_MODULES = YES;
				CLANG_ENABLE_OBJC_ARC = YES;
				CLANG_ENABLE_OBJC_WEAK = YES;
				CLANG_WARN_BLOCK_CAPTURE_AUTORELEASING = YES;
				CLANG_WARN_BOOL_CONVERSION = YES;
				CLANG_WARN_COMMA = YES;
				CLANG_WARN_CONSTANT_CONVERSION = YES;
				CLANG_WARN_DEPRECATED_OBJC_IMPLEMENTATIONS = YES;
				CLANG_WARN_DIRECT_OBJC_ISA_USAGE = YES_ERROR;
				CLANG_WARN_DOCUMENTATION_COMMENTS = YES;
				CLANG_WARN_EMPTY_BODY = YES;
				CLANG_WARN_ENUM_CONVERSION = YES;
				CLANG_WARN_INFINITE_RECURSION = YES;
				CLANG_WARN_INT_CONVERSION = YES;
				CLANG_WARN_NON_LITERAL_NULL_CONVERSION = YES;
				CLANG_WARN_OBJC_IMPLICIT_RETAIN_SELF = YES;
				CLANG_WARN_OBJC_LITERAL_CONVERSION = YES;
				CLANG_WARN_OBJC_ROOT_CLASS = YES_ERROR;
				CLANG_WARN_QUOTED_INCLUDE_IN_FRAMEWORK_HEADER = YES;
				CLANG_WARN_RANGE_LOOP_ANALYSIS = YES;
				CLANG_WARN_STRICT_PROTOTYPES = YES;
				CLANG_WARN_SUSPICIOUS_MOVE = YES;
				CLANG_WARN_UNGUARDED_AVAILABILITY = YES_AGGRESSIVE;
				CLANG_WARN_UNREACHABLE_CODE = YES;
				CLANG_WARN__DUPLICATE_METHOD_MATCH = YES;
				COPY_PHASE_STRIP = NO;
				DEBUG_INFORMATION_FORMAT = "dwarf-with-dsym";
				ENABLE_NS_ASSERTIONS = NO;
				ENABLE_STRICT_OBJC_MSGSEND = YES;
				GCC_C_LANGUAGE_STANDARD = gnu11;
				GCC_NO_COMMON_BLOCKS = YES;
				GCC_WARN_64_TO_32_BIT_CONVERSION = YES;
				GCC_WARN_ABOUT_RETURN_TYPE = YES_ERROR;
				GCC_WARN_UNDECLARED_SELECTOR = YES;
				GCC_WARN_UNINITIALIZED_AUTOS = YES_AGGRESSIVE;
				GCC_WARN_UNUSED_FUNCTION = YES;
				GCC_WARN_UNUSED_VARIABLE = YES;
				IPHONEOS_DEPLOYMENT_TARGET = 14.0;
				MTL_ENABLE_DEBUG_INFO = NO;
				MTL_FAST_MATH = YES;
				SDKROOT = iphoneos;
				SWIFT_COMPILATION_MODE = wholemodule;
				SWIFT_OPTIMIZATION_LEVEL = "-O";
				VALIDATE_PRODUCT = YES;
			};
			name = Release;
		};
		4B9B96A325382314008D9A05 /* Debug */ = {
			isa = XCBuildConfiguration;
			baseConfigurationReference = 48BC76B724755D21439CB8A3 /* Pods-grpc_ObjectiveC.debug.xcconfig */;
			buildSettings = {
				ASSETCATALOG_COMPILER_APPICON_NAME = AppIcon;
				ASSETCATALOG_COMPILER_GLOBAL_ACCENT_COLOR_NAME = AccentColor;
				CODE_SIGN_STYLE = Automatic;
				DEVELOPMENT_ASSET_PATHS = "\"grpc_ObjectiveC/Preview Content\"";
				DEVELOPMENT_TEAM = X9J2SG7MB3;
				ENABLE_PREVIEWS = YES;
				INFOPLIST_FILE = grpc_ObjectiveC/Info.plist;
				LD_RUNPATH_SEARCH_PATHS = (
					"$(inherited)",
					"@executable_path/Frameworks",
				);
				PRODUCT_BUNDLE_IDENTIFIER = "com.getepic.grpc-ObjectiveC";
				PRODUCT_NAME = "$(TARGET_NAME)";
				SWIFT_VERSION = 5.0;
				TARGETED_DEVICE_FAMILY = "1,2";
			};
			name = Debug;
		};
		4B9B96A425382314008D9A05 /* Release */ = {
			isa = XCBuildConfiguration;
			baseConfigurationReference = BC6A1DFDEF1650B5DB3ED7A0 /* Pods-grpc_ObjectiveC.release.xcconfig */;
			buildSettings = {
				ASSETCATALOG_COMPILER_APPICON_NAME = AppIcon;
				ASSETCATALOG_COMPILER_GLOBAL_ACCENT_COLOR_NAME = AccentColor;
				CODE_SIGN_STYLE = Automatic;
				DEVELOPMENT_ASSET_PATHS = "\"grpc_ObjectiveC/Preview Content\"";
				DEVELOPMENT_TEAM = X9J2SG7MB3;
				ENABLE_PREVIEWS = YES;
				INFOPLIST_FILE = grpc_ObjectiveC/Info.plist;
				LD_RUNPATH_SEARCH_PATHS = (
					"$(inherited)",
					"@executable_path/Frameworks",
				);
				PRODUCT_BUNDLE_IDENTIFIER = "com.getepic.grpc-ObjectiveC";
				PRODUCT_NAME = "$(TARGET_NAME)";
				SWIFT_VERSION = 5.0;
				TARGETED_DEVICE_FAMILY = "1,2";
			};
			name = Release;
		};
		4B9B96A625382314008D9A05 /* Debug */ = {
			isa = XCBuildConfiguration;
			baseConfigurationReference = AB3AD778878EAAD74AC0C0D3 /* Pods-grpc_ObjectiveCTests.debug.xcconfig */;
			buildSettings = {
				ALWAYS_EMBED_SWIFT_STANDARD_LIBRARIES = YES;
				BUNDLE_LOADER = "$(TEST_HOST)";
				CODE_SIGN_STYLE = Automatic;
				DEVELOPMENT_TEAM = X9J2SG7MB3;
				INFOPLIST_FILE = grpc_ObjectiveCTests/Info.plist;
				IPHONEOS_DEPLOYMENT_TARGET = 14.0;
				LD_RUNPATH_SEARCH_PATHS = (
					"$(inherited)",
					"@executable_path/Frameworks",
					"@loader_path/Frameworks",
				);
				PRODUCT_BUNDLE_IDENTIFIER = "com.getepic.grpc-ObjectiveCTests";
				PRODUCT_NAME = "$(TARGET_NAME)";
				SWIFT_VERSION = 5.0;
				TARGETED_DEVICE_FAMILY = "1,2";
				TEST_HOST = "$(BUILT_PRODUCTS_DIR)/grpc_ObjectiveC.app/grpc_ObjectiveC";
			};
			name = Debug;
		};
		4B9B96A725382314008D9A05 /* Release */ = {
			isa = XCBuildConfiguration;
			baseConfigurationReference = CA322D6FF10C48B804E63BA8 /* Pods-grpc_ObjectiveCTests.release.xcconfig */;
			buildSettings = {
				ALWAYS_EMBED_SWIFT_STANDARD_LIBRARIES = YES;
				BUNDLE_LOADER = "$(TEST_HOST)";
				CODE_SIGN_STYLE = Automatic;
				DEVELOPMENT_TEAM = X9J2SG7MB3;
				INFOPLIST_FILE = grpc_ObjectiveCTests/Info.plist;
				IPHONEOS_DEPLOYMENT_TARGET = 14.0;
				LD_RUNPATH_SEARCH_PATHS = (
					"$(inherited)",
					"@executable_path/Frameworks",
					"@loader_path/Frameworks",
				);
				PRODUCT_BUNDLE_IDENTIFIER = "com.getepic.grpc-ObjectiveCTests";
				PRODUCT_NAME = "$(TARGET_NAME)";
				SWIFT_VERSION = 5.0;
				TARGETED_DEVICE_FAMILY = "1,2";
				TEST_HOST = "$(BUILT_PRODUCTS_DIR)/grpc_ObjectiveC.app/grpc_ObjectiveC";
			};
			name = Release;
		};
		4B9B96A925382314008D9A05 /* Debug */ = {
			isa = XCBuildConfiguration;
			baseConfigurationReference = ED5B74734027E214D34C1886 /* Pods-grpc_ObjectiveC-grpc_ObjectiveCUITests.debug.xcconfig */;
			buildSettings = {
				ALWAYS_EMBED_SWIFT_STANDARD_LIBRARIES = YES;
				CODE_SIGN_STYLE = Automatic;
				DEVELOPMENT_TEAM = X9J2SG7MB3;
				INFOPLIST_FILE = grpc_ObjectiveCUITests/Info.plist;
				LD_RUNPATH_SEARCH_PATHS = (
					"$(inherited)",
					"@executable_path/Frameworks",
					"@loader_path/Frameworks",
				);
				PRODUCT_BUNDLE_IDENTIFIER = "com.getepic.grpc-ObjectiveCUITests";
				PRODUCT_NAME = "$(TARGET_NAME)";
				SWIFT_VERSION = 5.0;
				TARGETED_DEVICE_FAMILY = "1,2";
				TEST_TARGET_NAME = grpc_ObjectiveC;
			};
			name = Debug;
		};
		4B9B96AA25382314008D9A05 /* Release */ = {
			isa = XCBuildConfiguration;
			baseConfigurationReference = B72218BCCDD51F78DBCD55BD /* Pods-grpc_ObjectiveC-grpc_ObjectiveCUITests.release.xcconfig */;
			buildSettings = {
				ALWAYS_EMBED_SWIFT_STANDARD_LIBRARIES = YES;
				CODE_SIGN_STYLE = Automatic;
				DEVELOPMENT_TEAM = X9J2SG7MB3;
				INFOPLIST_FILE = grpc_ObjectiveCUITests/Info.plist;
				LD_RUNPATH_SEARCH_PATHS = (
					"$(inherited)",
					"@executable_path/Frameworks",
					"@loader_path/Frameworks",
				);
				PRODUCT_BUNDLE_IDENTIFIER = "com.getepic.grpc-ObjectiveCUITests";
				PRODUCT_NAME = "$(TARGET_NAME)";
				SWIFT_VERSION = 5.0;
				TARGETED_DEVICE_FAMILY = "1,2";
				TEST_TARGET_NAME = grpc_ObjectiveC;
			};
			name = Release;
		};
/* End XCBuildConfiguration section */

/* Begin XCConfigurationList section */
		4B9B967025382313008D9A05 /* Build configuration list for PBXProject "grpc_ObjectiveC" */ = {
			isa = XCConfigurationList;
			buildConfigurations = (
				4B9B96A025382314008D9A05 /* Debug */,
				4B9B96A125382314008D9A05 /* Release */,
			);
			defaultConfigurationIsVisible = 0;
			defaultConfigurationName = Release;
		};
		4B9B96A225382314008D9A05 /* Build configuration list for PBXNativeTarget "grpc_ObjectiveC" */ = {
			isa = XCConfigurationList;
			buildConfigurations = (
				4B9B96A325382314008D9A05 /* Debug */,
				4B9B96A425382314008D9A05 /* Release */,
			);
			defaultConfigurationIsVisible = 0;
			defaultConfigurationName = Release;
		};
		4B9B96A525382314008D9A05 /* Build configuration list for PBXNativeTarget "grpc_ObjectiveCTests" */ = {
			isa = XCConfigurationList;
			buildConfigurations = (
				4B9B96A625382314008D9A05 /* Debug */,
				4B9B96A725382314008D9A05 /* Release */,
			);
			defaultConfigurationIsVisible = 0;
			defaultConfigurationName = Release;
		};
		4B9B96A825382314008D9A05 /* Build configuration list for PBXNativeTarget "grpc_ObjectiveCUITests" */ = {
			isa = XCConfigurationList;
			buildConfigurations = (
				4B9B96A925382314008D9A05 /* Debug */,
				4B9B96AA25382314008D9A05 /* Release */,
			);
			defaultConfigurationIsVisible = 0;
			defaultConfigurationName = Release;
		};
/* End XCConfigurationList section */

/* Begin XCVersionGroup section */
		4B9B967E25382313008D9A05 /* grpc_ObjectiveC.xcdatamodeld */ = {
			isa = XCVersionGroup;
			children = (
				4B9B967F25382313008D9A05 /* grpc_ObjectiveC.xcdatamodel */,
			);
			currentVersion = 4B9B967F25382313008D9A05 /* grpc_ObjectiveC.xcdatamodel */;
			path = grpc_ObjectiveC.xcdatamodeld;
			sourceTree = "<group>";
			versionGroupType = wrapper.xcdatamodel;
		};
/* End XCVersionGroup section */
	};
	rootObject = 4B9B966D25382313008D9A05 /* Project object */;
}
